// !$*UTF8*$!
{
	archiveVersion = 1;
	classes = {
	};
	objectVersion = 50;
	objects = {

/* Begin PBXBuildFile section */
		073E82EA245EDEC500E40CB8 /* AppDelegate.swift in Sources */ = {isa = PBXBuildFile; fileRef = 073E82E9245EDEC500E40CB8 /* AppDelegate.swift */; };
		073E82EC245EDEC500E40CB8 /* SceneDelegate.swift in Sources */ = {isa = PBXBuildFile; fileRef = 073E82EB245EDEC500E40CB8 /* SceneDelegate.swift */; };
		073E82EE245EDEC500E40CB8 /* ViewController.swift in Sources */ = {isa = PBXBuildFile; fileRef = 073E82ED245EDEC500E40CB8 /* ViewController.swift */; };
		073E82F1245EDEC500E40CB8 /* Main.storyboard in Resources */ = {isa = PBXBuildFile; fileRef = 073E82EF245EDEC500E40CB8 /* Main.storyboard */; };
		073E82F3245EDEC800E40CB8 /* Assets.xcassets in Resources */ = {isa = PBXBuildFile; fileRef = 073E82F2245EDEC800E40CB8 /* Assets.xcassets */; };
		073E82F6245EDEC800E40CB8 /* LaunchScreen.storyboard in Resources */ = {isa = PBXBuildFile; fileRef = 073E82F4245EDEC800E40CB8 /* LaunchScreen.storyboard */; };
		073E82FE245F2C5300E40CB8 /* Weather.swift in Sources */ = {isa = PBXBuildFile; fileRef = 073E82FD245F2C5300E40CB8 /* Weather.swift */; };
		073E8300245F3BA600E40CB8 /* Connections.swift in Sources */ = {isa = PBXBuildFile; fileRef = 073E82FF245F3BA600E40CB8 /* Connections.swift */; };
		073E8302245F763300E40CB8 /* DefaultExtensions.swift in Sources */ = {isa = PBXBuildFile; fileRef = 073E8301245F763300E40CB8 /* DefaultExtensions.swift */; };
		0789AF472466CBDF00A5059F /* FavoriteViewController.swift in Sources */ = {isa = PBXBuildFile; fileRef = 0789AF462466CBDF00A5059F /* FavoriteViewController.swift */; };
/* End PBXBuildFile section */

/* Begin PBXFileReference section */
		073E82E6245EDEC500E40CB8 /* MeteorologySwift5.app */ = {isa = PBXFileReference; explicitFileType = wrapper.application; includeInIndex = 0; path = MeteorologySwift5.app; sourceTree = BUILT_PRODUCTS_DIR; };
		073E82E9245EDEC500E40CB8 /* AppDelegate.swift */ = {isa = PBXFileReference; lastKnownFileType = sourcecode.swift; path = AppDelegate.swift; sourceTree = "<group>"; };
		073E82EB245EDEC500E40CB8 /* SceneDelegate.swift */ = {isa = PBXFileReference; lastKnownFileType = sourcecode.swift; path = SceneDelegate.swift; sourceTree = "<group>"; };
		073E82ED245EDEC500E40CB8 /* ViewController.swift */ = {isa = PBXFileReference; lastKnownFileType = sourcecode.swift; path = ViewController.swift; sourceTree = "<group>"; };
		073E82F0245EDEC500E40CB8 /* Base */ = {isa = PBXFileReference; lastKnownFileType = file.storyboard; name = Base; path = Base.lproj/Main.storyboard; sourceTree = "<group>"; };
		073E82F2245EDEC800E40CB8 /* Assets.xcassets */ = {isa = PBXFileReference; lastKnownFileType = folder.assetcatalog; path = Assets.xcassets; sourceTree = "<group>"; };
		073E82F5245EDEC800E40CB8 /* Base */ = {isa = PBXFileReference; lastKnownFileType = file.storyboard; name = Base; path = Base.lproj/LaunchScreen.storyboard; sourceTree = "<group>"; };
		073E82F7245EDEC800E40CB8 /* Info.plist */ = {isa = PBXFileReference; lastKnownFileType = text.plist.xml; path = Info.plist; sourceTree = "<group>"; };
		073E82FD245F2C5300E40CB8 /* Weather.swift */ = {isa = PBXFileReference; lastKnownFileType = sourcecode.swift; path = Weather.swift; sourceTree = "<group>"; };
		073E82FF245F3BA600E40CB8 /* Connections.swift */ = {isa = PBXFileReference; lastKnownFileType = sourcecode.swift; path = Connections.swift; sourceTree = "<group>"; };
		073E8301245F763300E40CB8 /* DefaultExtensions.swift */ = {isa = PBXFileReference; lastKnownFileType = sourcecode.swift; path = DefaultExtensions.swift; sourceTree = "<group>"; };
		0789AF462466CBDF00A5059F /* FavoriteViewController.swift */ = {isa = PBXFileReference; lastKnownFileType = sourcecode.swift; path = FavoriteViewController.swift; sourceTree = "<group>"; };
/* End PBXFileReference section */

/* Begin PBXFrameworksBuildPhase section */
		073E82E3245EDEC500E40CB8 /* Frameworks */ = {
			isa = PBXFrameworksBuildPhase;
			buildActionMask = 2147483647;
			files = (
			);
			runOnlyForDeploymentPostprocessing = 0;
		};
/* End PBXFrameworksBuildPhase section */

/* Begin PBXGroup section */
		073E82DD245EDEC500E40CB8 = {
			isa = PBXGroup;
			children = (
				073E82E8245EDEC500E40CB8 /* MeteorologySwift5 */,
				073E82E7245EDEC500E40CB8 /* Products */,
			);
			sourceTree = "<group>";
		};
		073E82E7245EDEC500E40CB8 /* Products */ = {
			isa = PBXGroup;
			children = (
				073E82E6245EDEC500E40CB8 /* MeteorologySwift5.app */,
			);
			name = Products;
			sourceTree = "<group>";
		};
		073E82E8245EDEC500E40CB8 /* MeteorologySwift5 */ = {
			isa = PBXGroup;
			children = (
				073E82E9245EDEC500E40CB8 /* AppDelegate.swift */,
				073E82EB245EDEC500E40CB8 /* SceneDelegate.swift */,
				073E82FF245F3BA600E40CB8 /* Connections.swift */,
				073E8301245F763300E40CB8 /* DefaultExtensions.swift */,
				073E82FD245F2C5300E40CB8 /* Weather.swift */,
				0789AF462466CBDF00A5059F /* FavoriteViewController.swift */,
				073E82ED245EDEC500E40CB8 /* ViewController.swift */,
				073E82EF245EDEC500E40CB8 /* Main.storyboard */,
				073E82F2245EDEC800E40CB8 /* Assets.xcassets */,
				073E82F4245EDEC800E40CB8 /* LaunchScreen.storyboard */,
				073E82F7245EDEC800E40CB8 /* Info.plist */,
			);
			path = MeteorologySwift5;
			sourceTree = "<group>";
		};
/* End PBXGroup section */

/* Begin PBXNativeTarget section */
		073E82E5245EDEC500E40CB8 /* MeteorologySwift5 */ = {
			isa = PBXNativeTarget;
			buildConfigurationList = 073E82FA245EDEC800E40CB8 /* Build configuration list for PBXNativeTarget "MeteorologySwift5" */;
			buildPhases = (
				073E82E2245EDEC500E40CB8 /* Sources */,
				073E82E3245EDEC500E40CB8 /* Frameworks */,
				073E82E4245EDEC500E40CB8 /* Resources */,
			);
			buildRules = (
			);
			dependencies = (
			);
			name = MeteorologySwift5;
			productName = MeteorologySwift5;
			productReference = 073E82E6245EDEC500E40CB8 /* MeteorologySwift5.app */;
			productType = "com.apple.product-type.application";
		};
/* End PBXNativeTarget section */

/* Begin PBXProject section */
		073E82DE245EDEC500E40CB8 /* Project object */ = {
			isa = PBXProject;
			attributes = {
				LastSwiftUpdateCheck = 1140;
				LastUpgradeCheck = 1140;
				ORGANIZATIONNAME = TestCompany;
				TargetAttributes = {
					073E82E5245EDEC500E40CB8 = {
						CreatedOnToolsVersion = 11.4.1;
					};
				};
			};
			buildConfigurationList = 073E82E1245EDEC500E40CB8 /* Build configuration list for PBXProject "MeteorologySwift5" */;
			compatibilityVersion = "Xcode 9.3";
			developmentRegion = en;
			hasScannedForEncodings = 0;
			knownRegions = (
				en,
				Base,
			);
			mainGroup = 073E82DD245EDEC500E40CB8;
			productRefGroup = 073E82E7245EDEC500E40CB8 /* Products */;
			projectDirPath = "";
			projectRoot = "";
			targets = (
				073E82E5245EDEC500E40CB8 /* MeteorologySwift5 */,
			);
		};
/* End PBXProject section */

/* Begin PBXResourcesBuildPhase section */
		073E82E4245EDEC500E40CB8 /* Resources */ = {
			isa = PBXResourcesBuildPhase;
			buildActionMask = 2147483647;
			files = (
				073E82F6245EDEC800E40CB8 /* LaunchScreen.storyboard in Resources */,
				073E82F3245EDEC800E40CB8 /* Assets.xcassets in Resources */,
				073E82F1245EDEC500E40CB8 /* Main.storyboard in Resources */,
			);
			runOnlyForDeploymentPostprocessing = 0;
		};
/* End PBXResourcesBuildPhase section */

/* Begin PBXSourcesBuildPhase section */
		073E82E2245EDEC500E40CB8 /* Sources */ = {
			isa = PBXSourcesBuildPhase;
			buildActionMask = 2147483647;
			files = (
				073E82FE245F2C5300E40CB8 /* Weather.swift in Sources */,
				073E8302245F763300E40CB8 /* DefaultExtensions.swift in Sources */,
				073E82EE245EDEC500E40CB8 /* ViewController.swift in Sources */,
				0789AF472466CBDF00A5059F /* FavoriteViewController.swift in Sources */,
				073E8300245F3BA600E40CB8 /* Connections.swift in Sources */,
				073E82EA245EDEC500E40CB8 /* AppDelegate.swift in Sources */,
				073E82EC245EDEC500E40CB8 /* SceneDelegate.swift in Sources */,
			);
			runOnlyForDeploymentPostprocessing = 0;
		};
/* End PBXSourcesBuildPhase section */

/* Begin PBXVariantGroup section */
		073E82EF245EDEC500E40CB8 /* Main.storyboard */ = {
			isa = PBXVariantGroup;
			children = (
				073E82F0245EDEC500E40CB8 /* Base */,
			);
			name = Main.storyboard;
			sourceTree = "<group>";
		};
		073E82F4245EDEC800E40CB8 /* LaunchScreen.storyboard */ = {
			isa = PBXVariantGroup;
			children = (
				073E82F5245EDEC800E40CB8 /* Base */,
			);
			name = LaunchScreen.storyboard;
			sourceTree = "<group>";
		};
/* End PBXVariantGroup section */

/* Begin XCBuildConfiguration section */
		073E82F8245EDEC800E40CB8 /* Debug */ = {
			isa = XCBuildConfiguration;
			buildSettings = {
				ALWAYS_SEARCH_USER_PATHS = NO;
				CLANG_ANALYZER_NONNULL = YES;
				CLANG_ANALYZER_NUMBER_OBJECT_CONVERSION = YES_AGGRESSIVE;
				CLANG_CXX_LANGUAGE_STANDARD = "gnu++14";
				CLANG_CXX_LIBRARY = "libc++";
				CLANG_ENABLE_MODULES = YES;
				CLANG_ENABLE_OBJC_ARC = YES;
				CLANG_ENABLE_OBJC_WEAK = YES;
				CLANG_WARN_BLOCK_CAPTURE_AUTORELEASING = YES;
				CLANG_WARN_BOOL_CONVERSION = YES;
				CLANG_WARN_COMMA = YES;
				CLANG_WARN_CONSTANT_CONVERSION = YES;
				CLANG_WARN_DEPRECATED_OBJC_IMPLEMENTATIONS = YES;
				CLANG_WARN_DIRECT_OBJC_ISA_USAGE = YES_ERROR;
				CLANG_WARN_DOCUMENTATION_COMMENTS = YES;
				CLANG_WARN_EMPTY_BODY = YES;
				CLANG_WARN_ENUM_CONVERSION = YES;
				CLANG_WARN_INFINITE_RECURSION = YES;
				CLANG_WARN_INT_CONVERSION = YES;
				CLANG_WARN_NON_LITERAL_NULL_CONVERSION = YES;
				CLANG_WARN_OBJC_IMPLICIT_RETAIN_SELF = YES;
				CLANG_WARN_OBJC_LITERAL_CONVERSION = YES;
				CLANG_WARN_OBJC_ROOT_CLASS = YES_ERROR;
				CLANG_WARN_RANGE_LOOP_ANALYSIS = YES;
				CLANG_WARN_STRICT_PROTOTYPES = YES;
				CLANG_WARN_SUSPICIOUS_MOVE = YES;
				CLANG_WARN_UNGUARDED_AVAILABILITY = YES_AGGRESSIVE;
				CLANG_WARN_UNREACHABLE_CODE = YES;
				CLANG_WARN__DUPLICATE_METHOD_MATCH = YES;
				COPY_PHASE_STRIP = NO;
				DEBUG_INFORMATION_FORMAT = dwarf;
				ENABLE_STRICT_OBJC_MSGSEND = YES;
				ENABLE_TESTABILITY = YES;
				GCC_C_LANGUAGE_STANDARD = gnu11;
				GCC_DYNAMIC_NO_PIC = NO;
				GCC_NO_COMMON_BLOCKS = YES;
				GCC_OPTIMIZATION_LEVEL = 0;
				GCC_PREPROCESSOR_DEFINITIONS = (
					"DEBUG=1",
					"$(inherited)",
				);
				GCC_WARN_64_TO_32_BIT_CONVERSION = YES;
				GCC_WARN_ABOUT_RETURN_TYPE = YES_ERROR;
				GCC_WARN_UNDECLARED_SELECTOR = YES;
				GCC_WARN_UNINITIALIZED_AUTOS = YES_AGGRESSIVE;
				GCC_WARN_UNUSED_FUNCTION = YES;
				GCC_WARN_UNUSED_VARIABLE = YES;
				IPHONEOS_DEPLOYMENT_TARGET = 13.4;
				MTL_ENABLE_DEBUG_INFO = INCLUDE_SOURCE;
				MTL_FAST_MATH = YES;
				ONLY_ACTIVE_ARCH = YES;
				SDKROOT = iphoneos;
				SWIFT_ACTIVE_COMPILATION_CONDITIONS = DEBUG;
				SWIFT_OPTIMIZATION_LEVEL = "-Onone";
			};
			name = Debug;
		};
		073E82F9245EDEC800E40CB8 /* Release */ = {
			isa = XCBuildConfiguration;
			buildSettings = {
				ALWAYS_SEARCH_USER_PATHS = NO;
				CLANG_ANALYZER_NONNULL = YES;
				CLANG_ANALYZER_NUMBER_OBJECT_CONVERSION = YES_AGGRESSIVE;
				CLANG_CXX_LANGUAGE_STANDARD = "gnu++14";
				CLANG_CXX_LIBRARY = "libc++";
				CLANG_ENABLE_MODULES = YES;
				CLANG_ENABLE_OBJC_ARC = YES;
				CLANG_ENABLE_OBJC_WEAK = YES;
				CLANG_WARN_BLOCK_CAPTURE_AUTORELEASING = YES;
				CLANG_WARN_BOOL_CONVERSION = YES;
				CLANG_WARN_COMMA = YES;
				CLANG_WARN_CONSTANT_CONVERSION = YES;
				CLANG_WARN_DEPRECATED_OBJC_IMPLEMENTATIONS = YES;
				CLANG_WARN_DIRECT_OBJC_ISA_USAGE = YES_ERROR;
				CLANG_WARN_DOCUMENTATION_COMMENTS = YES;
				CLANG_WARN_EMPTY_BODY = YES;
				CLANG_WARN_ENUM_CONVERSION = YES;
				CLANG_WARN_INFINITE_RECURSION = YES;
				CLANG_WARN_INT_CONVERSION = YES;
				CLANG_WARN_NON_LITERAL_NULL_CONVERSION = YES;
				CLANG_WARN_OBJC_IMPLICIT_RETAIN_SELF = YES;
				CLANG_WARN_OBJC_LITERAL_CONVERSION = YES;
				CLANG_WARN_OBJC_ROOT_CLASS = YES_ERROR;
				CLANG_WARN_RANGE_LOOP_ANALYSIS = YES;
				CLANG_WARN_STRICT_PROTOTYPES = YES;
				CLANG_WARN_SUSPICIOUS_MOVE = YES;
				CLANG_WARN_UNGUARDED_AVAILABILITY = YES_AGGRESSIVE;
				CLANG_WARN_UNREACHABLE_CODE = YES;
				CLANG_WARN__DUPLICATE_METHOD_MATCH = YES;
				COPY_PHASE_STRIP = NO;
				DEBUG_INFORMATION_FORMAT = "dwarf-with-dsym";
				ENABLE_NS_ASSERTIONS = NO;
				ENABLE_STRICT_OBJC_MSGSEND = YES;
				GCC_C_LANGUAGE_STANDARD = gnu11;
				GCC_NO_COMMON_BLOCKS = YES;
				GCC_WARN_64_TO_32_BIT_CONVERSION = YES;
				GCC_WARN_ABOUT_RETURN_TYPE = YES_ERROR;
				GCC_WARN_UNDECLARED_SELECTOR = YES;
				GCC_WARN_UNINITIALIZED_AUTOS = YES_AGGRESSIVE;
				GCC_WARN_UNUSED_FUNCTION = YES;
				GCC_WARN_UNUSED_VARIABLE = YES;
				IPHONEOS_DEPLOYMENT_TARGET = 13.4;
				MTL_ENABLE_DEBUG_INFO = NO;
				MTL_FAST_MATH = YES;
				SDKROOT = iphoneos;
				SWIFT_COMPILATION_MODE = wholemodule;
				SWIFT_OPTIMIZATION_LEVEL = "-O";
				VALIDATE_PRODUCT = YES;
			};
			name = Release;
		};
		073E82FB245EDEC800E40CB8 /* Debug */ = {
			isa = XCBuildConfiguration;
			buildSettings = {
				ASSETCATALOG_COMPILER_APPICON_NAME = AppIcon;
				CODE_SIGN_STYLE = Automatic;
				INFOPLIST_FILE = MeteorologySwift5/Info.plist;
				LD_RUNPATH_SEARCH_PATHS = (
					"$(inherited)",
					"@executable_path/Frameworks",
				);
				PRODUCT_BUNDLE_IDENTIFIER = com.tho.swift.MeteorologySwift5;
				PRODUCT_NAME = "$(TARGET_NAME)";
				SWIFT_VERSION = 5.0;
				TARGETED_DEVICE_FAMILY = "1,2";
			};
			name = Debug;
		};
		073E82FC245EDEC800E40CB8 /* Release */ = {
			isa = XCBuildConfiguration;
			buildSettings = {
				ASSETCATALOG_COMPILER_APPICON_NAME = AppIcon;
				CODE_SIGN_STYLE = Automatic;
				INFOPLIST_FILE = MeteorologySwift5/Info.plist;
				LD_RUNPATH_SEARCH_PATHS = (
					"$(inherited)",
					"@executable_path/Frameworks",
				);
				PRODUCT_BUNDLE_IDENTIFIER = com.tho.swift.MeteorologySwift5;
				PRODUCT_NAME = "$(TARGET_NAME)";
				SWIFT_VERSION = 5.0;
				TARGETED_DEVICE_FAMILY = "1,2";
			};
			name = Release;
		};
/* End XCBuildConfiguration section */

/* Begin XCConfigurationList section */
		073E82E1245EDEC500E40CB8 /* Build configuration list for PBXProject "MeteorologySwift5" */ = {
			isa = XCConfigurationList;
			buildConfigurations = (
				073E82F8245EDEC800E40CB8 /* Debug */,
				073E82F9245EDEC800E40CB8 /* Release */,
			);
			defaultConfigurationIsVisible = 0;
			defaultConfigurationName = Release;
		};
		073E82FA245EDEC800E40CB8 /* Build configuration list for PBXNativeTarget "MeteorologySwift5" */ = {
			isa = XCConfigurationList;
			buildConfigurations = (
				073E82FB245EDEC800E40CB8 /* Debug */,
				073E82FC245EDEC800E40CB8 /* Release */,
			);
			defaultConfigurationIsVisible = 0;
			defaultConfigurationName = Release;
		};
/* End XCConfigurationList section */
	};
	rootObject = 073E82DE245EDEC500E40CB8 /* Project object */;
}
